
Microsoft Visual Studio Solution File, Format Version 12.00
# Visual Studio Version 16
VisualStudioVersion = 16.0.29324.140
MinimumVisualStudioVersion = 10.0.40219.1
Project("{9A19103F-16F7-4668-BE54-9A1E7A4F7556}") = "EventPublisher", "EventPublisher\EventPublisher.csproj", "{9FE38D41-4FA2-4BF3-ABEC-7FEF8C2E9CB9}"
EndProject
Project("{9A19103F-16F7-4668-BE54-9A1E7A4F7556}") = "Shared", "Shared\Shared.csproj", "{F6EFDDD1-9204-4482-83F7-A20FF632B12A}"
EndProject
Project("{9A19103F-16F7-4668-BE54-9A1E7A4F7556}") = "EventConsumer", "EventConsumer\EventConsumer.csproj", "{7088B740-A03A-4371-B0F9-A90BB5046730}"
EndProject
Project("{9A19103F-16F7-4668-BE54-9A1E7A4F7556}") = "AlfaCommons", "..\..\..\[GIT]\alfa\AlfaCommons\AlfaCommons.csproj", "{D58422F4-F043-40C7-AD81-BF373512BCA8}"
EndProject
Project("{9A19103F-16F7-4668-BE54-9A1E7A4F7556}") = "CoreCommons", "..\..\..\[GIT]\alfa\Submodules\Core\CoreCommons\CoreCommons\CoreCommons.csproj", "{3389FDCD-AE51-4AD6-B0AB-7891BCE3BB94}"
EndProject
Global
	GlobalSection(SolutionConfigurationPlatforms) = preSolution
		Debug|Any CPU = Debug|Any CPU
		Release|Any CPU = Release|Any CPU
	EndGlobalSection
	GlobalSection(ProjectConfigurationPlatforms) = postSolution
		{9FE38D41-4FA2-4BF3-ABEC-7FEF8C2E9CB9}.Debug|Any CPU.ActiveCfg = Debug|Any CPU
		{9FE38D41-4FA2-4BF3-ABEC-7FEF8C2E9CB9}.Debug|Any CPU.Build.0 = Debug|Any CPU
		{9FE38D41-4FA2-4BF3-ABEC-7FEF8C2E9CB9}.Release|Any CPU.ActiveCfg = Release|Any CPU
		{9FE38D41-4FA2-4BF3-ABEC-7FEF8C2E9CB9}.Release|Any CPU.Build.0 = Release|Any CPU
		{F6EFDDD1-9204-4482-83F7-A20FF632B12A}.Debug|Any CPU.ActiveCfg = Debug|Any CPU
		{F6EFDDD1-9204-4482-83F7-A20FF632B12A}.Debug|Any CPU.Build.0 = Debug|Any CPU
		{F6EFDDD1-9204-4482-83F7-A20FF632B12A}.Release|Any CPU.ActiveCfg = Release|Any CPU
		{F6EFDDD1-9204-4482-83F7-A20FF632B12A}.Release|Any CPU.Build.0 = Release|Any CPU
		{7088B740-A03A-4371-B0F9-A90BB5046730}.Debug|Any CPU.ActiveCfg = Debug|Any CPU
		{7088B740-A03A-4371-B0F9-A90BB5046730}.Debug|Any CPU.Build.0 = Debug|Any CPU
		{7088B740-A03A-4371-B0F9-A90BB5046730}.Release|Any CPU.ActiveCfg = Release|Any CPU
		{7088B740-A03A-4371-B0F9-A90BB5046730}.Release|Any CPU.Build.0 = Release|Any CPU
		{D58422F4-F043-40C7-AD81-BF373512BCA8}.Debug|Any CPU.ActiveCfg = Debug|Any CPU
		{D58422F4-F043-40C7-AD81-BF373512BCA8}.Debug|Any CPU.Build.0 = Debug|Any CPU
		{D58422F4-F043-40C7-AD81-BF373512BCA8}.Release|Any CPU.ActiveCfg = Release|Any CPU
		{D58422F4-F043-40C7-AD81-BF373512BCA8}.Release|Any CPU.Build.0 = Release|Any CPU
		{3389FDCD-AE51-4AD6-B0AB-7891BCE3BB94}.Debug|Any CPU.ActiveCfg = Debug|Any CPU
		{3389FDCD-AE51-4AD6-B0AB-7891BCE3BB94}.Debug|Any CPU.Build.0 = Debug|Any CPU
		{3389FDCD-AE51-4AD6-B0AB-7891BCE3BB94}.Release|Any CPU.ActiveCfg = Release|Any CPU
		{3389FDCD-AE51-4AD6-B0AB-7891BCE3BB94}.Release|Any CPU.Build.0 = Release|Any CPU
	EndGlobalSection
	GlobalSection(SolutionProperties) = preSolution
		HideSolutionNode = FALSE
	EndGlobalSection
	GlobalSection(ExtensibilityGlobals) = postSolution
		SolutionGuid = {E7F130FE-6B92-459C-9FB0-5163A80F2850}
	EndGlobalSection
EndGlobal
